
Microsoft Visual Studio Solution File, Format Version 12.00
# Visual Studio 15
VisualStudioVersion = 15.0.28010.2048
MinimumVisualStudioVersion = 10.0.40219.1
Project("{FAE04EC0-301F-11D3-BF4B-00C04F79EFBC}") = "prj28102018", "prj28102018\prj28102018.csproj", "{D09919E8-5AC5-46A1-98D2-9B807A74FCBD}"
EndProject
Global
	GlobalSection(SolutionConfigurationPlatforms) = preSolution
		Debug|Any CPU = Debug|Any CPU
		Release|Any CPU = Release|Any CPU
	EndGlobalSection
	GlobalSection(ProjectConfigurationPlatforms) = postSolution
		{D09919E8-5AC5-46A1-98D2-9B807A74FCBD}.Debug|Any CPU.ActiveCfg = Debug|Any CPU
		{D09919E8-5AC5-46A1-98D2-9B807A74FCBD}.Debug|Any CPU.Build.0 = Debug|Any CPU
		{D09919E8-5AC5-46A1-98D2-9B807A74FCBD}.Release|Any CPU.ActiveCfg = Release|Any CPU
		{D09919E8-5AC5-46A1-98D2-9B807A74FCBD}.Release|Any CPU.Build.0 = Release|Any CPU
	EndGlobalSection
	GlobalSection(SolutionProperties) = preSolution
		HideSolutionNode = FALSE
	EndGlobalSection
	GlobalSection(ExtensibilityGlobals) = postSolution
		SolutionGuid = {918BDC82-B07E-4C61-9BB0-BE6F2B6A99CA}
	EndGlobalSection
EndGlobal
